// !$*UTF8*$!
{
	archiveVersion = 1;
	classes = {
	};
	objectVersion = 51;
	objects = {

/* Begin PBXBuildFile section */
		014FC54024B6158200344772 /* AppDelegate.swift in Sources */ = {isa = PBXBuildFile; fileRef = 014FC53F24B6158200344772 /* AppDelegate.swift */; };
		014FC54224B6158600344772 /* Assets.xcassets in Resources */ = {isa = PBXBuildFile; fileRef = 014FC54124B6158600344772 /* Assets.xcassets */; };
		014FC54524B6158600344772 /* ControlCenter.xib in Resources */ = {isa = PBXBuildFile; fileRef = 014FC54324B6158600344772 /* ControlCenter.xib */; };
		014FC54E24B69AB000344772 /* StatusMenuController.swift in Sources */ = {isa = PBXBuildFile; fileRef = 014FC54D24B69AB000344772 /* StatusMenuController.swift */; };
		014FC55824B6F70D00344772 /* ControlCenterView.swift in Sources */ = {isa = PBXBuildFile; fileRef = 014FC55724B6F70D00344772 /* ControlCenterView.swift */; };
		014FC55A24B701EA00344772 /* WeatherAPI.swift in Sources */ = {isa = PBXBuildFile; fileRef = 014FC55924B701EA00344772 /* WeatherAPI.swift */; };
		014FC56F24B7FA1200344772 /* blueutil in Resources */ = {isa = PBXBuildFile; fileRef = 014FC56E24B7FA1200344772 /* blueutil */; };
		01BEA6E324C2EEE3002828E1 /* Pods_Control_Center.framework in Frameworks */ = {isa = PBXBuildFile; fileRef = 101B2B451AB8F61B5481FD5E /* Pods_Control_Center.framework */; };
		01F40F2424BD82E30031D2C0 /* do-not-disturb in Resources */ = {isa = PBXBuildFile; fileRef = 01F40F2324BD82E30031D2C0 /* do-not-disturb */; };
		01FE0F5124B9BE1800FD673A /* PreferencesWindow.swift in Sources */ = {isa = PBXBuildFile; fileRef = 01FE0F4F24B9BE1800FD673A /* PreferencesWindow.swift */; };
		01FE0F5224B9BE1800FD673A /* PreferencesWindow.xib in Resources */ = {isa = PBXBuildFile; fileRef = 01FE0F5024B9BE1800FD673A /* PreferencesWindow.xib */; };
		01FE0F5724B9C94200FD673A /* APIKey.swift in Sources */ = {isa = PBXBuildFile; fileRef = 01FE0F5624B9C94200FD673A /* APIKey.swift */; };
		01FE0F5924BC312200FD673A /* nightlight in Resources */ = {isa = PBXBuildFile; fileRef = 01FE0F5824BC312200FD673A /* nightlight */; };
/* End PBXBuildFile section */

/* Begin PBXFileReference section */
		014FC53C24B6158200344772 /* Control Center.app */ = {isa = PBXFileReference; explicitFileType = wrapper.application; includeInIndex = 0; path = "Control Center.app"; sourceTree = BUILT_PRODUCTS_DIR; };
		014FC53F24B6158200344772 /* AppDelegate.swift */ = {isa = PBXFileReference; lastKnownFileType = sourcecode.swift; path = AppDelegate.swift; sourceTree = "<group>"; };
		014FC54124B6158600344772 /* Assets.xcassets */ = {isa = PBXFileReference; lastKnownFileType = folder.assetcatalog; path = Assets.xcassets; sourceTree = "<group>"; };
		014FC54424B6158600344772 /* Base */ = {isa = PBXFileReference; lastKnownFileType = file.xib; name = Base; path = Base.lproj/ControlCenter.xib; sourceTree = "<group>"; };
		014FC54624B6158600344772 /* Info.plist */ = {isa = PBXFileReference; lastKnownFileType = text.plist.xml; path = Info.plist; sourceTree = "<group>"; };
		014FC54724B6158600344772 /* Control_Center.entitlements */ = {isa = PBXFileReference; lastKnownFileType = text.plist.entitlements; path = Control_Center.entitlements; sourceTree = "<group>"; };
		014FC54D24B69AB000344772 /* StatusMenuController.swift */ = {isa = PBXFileReference; lastKnownFileType = sourcecode.swift; path = StatusMenuController.swift; sourceTree = "<group>"; };
		014FC55724B6F70D00344772 /* ControlCenterView.swift */ = {isa = PBXFileReference; lastKnownFileType = sourcecode.swift; path = ControlCenterView.swift; sourceTree = "<group>"; };
		014FC55924B701EA00344772 /* WeatherAPI.swift */ = {isa = PBXFileReference; lastKnownFileType = sourcecode.swift; path = WeatherAPI.swift; sourceTree = "<group>"; };
		014FC56E24B7FA1200344772 /* blueutil */ = {isa = PBXFileReference; lastKnownFileType = "compiled.mach-o.executable"; path = blueutil; sourceTree = "<group>"; };
		01F40F2324BD82E30031D2C0 /* do-not-disturb */ = {isa = PBXFileReference; lastKnownFileType = "compiled.mach-o.executable"; path = "do-not-disturb"; sourceTree = "<group>"; };
		01FE0F4F24B9BE1800FD673A /* PreferencesWindow.swift */ = {isa = PBXFileReference; lastKnownFileType = sourcecode.swift; path = PreferencesWindow.swift; sourceTree = "<group>"; };
		01FE0F5024B9BE1800FD673A /* PreferencesWindow.xib */ = {isa = PBXFileReference; lastKnownFileType = file.xib; path = PreferencesWindow.xib; sourceTree = "<group>"; };
		01FE0F5624B9C94200FD673A /* APIKey.swift */ = {isa = PBXFileReference; fileEncoding = 4; lastKnownFileType = sourcecode.swift; path = APIKey.swift; sourceTree = "<group>"; };
		01FE0F5824BC312200FD673A /* nightlight */ = {isa = PBXFileReference; lastKnownFileType = "compiled.mach-o.executable"; path = nightlight; sourceTree = "<group>"; };
		101B2B451AB8F61B5481FD5E /* Pods_Control_Center.framework */ = {isa = PBXFileReference; explicitFileType = wrapper.framework; includeInIndex = 0; path = Pods_Control_Center.framework; sourceTree = BUILT_PRODUCTS_DIR; };
		10FF59AA878FAE0476FD6102 /* Pods-Control Center.release.xcconfig */ = {isa = PBXFileReference; includeInIndex = 1; lastKnownFileType = text.xcconfig; name = "Pods-Control Center.release.xcconfig"; path = "Target Support Files/Pods-Control Center/Pods-Control Center.release.xcconfig"; sourceTree = "<group>"; };
		EE321580286F2268FBD02F40 /* Pods-Control Center.debug.xcconfig */ = {isa = PBXFileReference; includeInIndex = 1; lastKnownFileType = text.xcconfig; name = "Pods-Control Center.debug.xcconfig"; path = "Target Support Files/Pods-Control Center/Pods-Control Center.debug.xcconfig"; sourceTree = "<group>"; };
/* End PBXFileReference section */

/* Begin PBXFrameworksBuildPhase section */
		014FC53924B6158200344772 /* Frameworks */ = {
			isa = PBXFrameworksBuildPhase;
			buildActionMask = 2147483647;
			files = (
				01BEA6E324C2EEE3002828E1 /* Pods_Control_Center.framework in Frameworks */,
			);
			runOnlyForDeploymentPostprocessing = 0;
		};
/* End PBXFrameworksBuildPhase section */

/* Begin PBXGroup section */
		014FC53324B6158200344772 = {
			isa = PBXGroup;
			children = (
				01FE0F5624B9C94200FD673A /* APIKey.swift */,
				014FC53E24B6158200344772 /* Control Center */,
				014FC53D24B6158200344772 /* Products */,
				1A8020EC871BCE00DC23F806 /* Pods */,
				014FC55B24B70A8300344772 /* Frameworks */,
				01FE0F5524B9C5B000FD673A /* Dependencies */,
			);
			sourceTree = "<group>";
		};
		014FC53D24B6158200344772 /* Products */ = {
			isa = PBXGroup;
			children = (
				014FC53C24B6158200344772 /* Control Center.app */,
			);
			name = Products;
			sourceTree = "<group>";
		};
		014FC53E24B6158200344772 /* Control Center */ = {
			isa = PBXGroup;
			children = (
				014FC53F24B6158200344772 /* AppDelegate.swift */,
				014FC54D24B69AB000344772 /* StatusMenuController.swift */,
				014FC55724B6F70D00344772 /* ControlCenterView.swift */,
				01FE0F4F24B9BE1800FD673A /* PreferencesWindow.swift */,
				014FC55924B701EA00344772 /* WeatherAPI.swift */,
				014FC54124B6158600344772 /* Assets.xcassets */,
				014FC54324B6158600344772 /* ControlCenter.xib */,
				01FE0F5024B9BE1800FD673A /* PreferencesWindow.xib */,
				014FC54624B6158600344772 /* Info.plist */,
				014FC54724B6158600344772 /* Control_Center.entitlements */,
			);
			path = "Control Center";
			sourceTree = "<group>";
		};
		014FC55B24B70A8300344772 /* Frameworks */ = {
			isa = PBXGroup;
			children = (
				101B2B451AB8F61B5481FD5E /* Pods_Control_Center.framework */,
			);
			name = Frameworks;
			sourceTree = "<group>";
		};
		01FE0F5524B9C5B000FD673A /* Dependencies */ = {
			isa = PBXGroup;
			children = (
				014FC56E24B7FA1200344772 /* blueutil */,
				01FE0F5824BC312200FD673A /* nightlight */,
				01F40F2324BD82E30031D2C0 /* do-not-disturb */,
			);
			path = Dependencies;
			sourceTree = "<group>";
		};
		1A8020EC871BCE00DC23F806 /* Pods */ = {
			isa = PBXGroup;
			children = (
				EE321580286F2268FBD02F40 /* Pods-Control Center.debug.xcconfig */,
				10FF59AA878FAE0476FD6102 /* Pods-Control Center.release.xcconfig */,
			);
			path = Pods;
			sourceTree = "<group>";
		};
/* End PBXGroup section */

/* Begin PBXNativeTarget section */
		014FC53B24B6158200344772 /* Control Center */ = {
			isa = PBXNativeTarget;
			buildConfigurationList = 014FC54A24B6158600344772 /* Build configuration list for PBXNativeTarget "Control Center" */;
			buildPhases = (
				D45C7DDD48EB6D312432B06D /* [CP] Check Pods Manifest.lock */,
				014FC53824B6158200344772 /* Sources */,
				014FC53924B6158200344772 /* Frameworks */,
				014FC53A24B6158200344772 /* Resources */,
				FAE5FABF5BCB009AA6D16A98 /* [CP] Embed Pods Frameworks */,
			);
			buildRules = (
			);
			dependencies = (
			);
			name = "Control Center";
			productName = "Control Center";
			productReference = 014FC53C24B6158200344772 /* Control Center.app */;
			productType = "com.apple.product-type.application";
		};
/* End PBXNativeTarget section */

/* Begin PBXProject section */
		014FC53424B6158200344772 /* Project object */ = {
			isa = PBXProject;
			attributes = {
				LastSwiftUpdateCheck = 1130;
				LastUpgradeCheck = 1130;
				ORGANIZATIONNAME = fordApps;
				TargetAttributes = {
					014FC53B24B6158200344772 = {
						CreatedOnToolsVersion = 11.3.1;
					};
				};
			};
			buildConfigurationList = 014FC53724B6158200344772 /* Build configuration list for PBXProject "Control Center" */;
			compatibilityVersion = "Xcode 9.3";
			developmentRegion = en;
			hasScannedForEncodings = 0;
			knownRegions = (
				en,
				Base,
			);
			mainGroup = 014FC53324B6158200344772;
			productRefGroup = 014FC53D24B6158200344772 /* Products */;
			projectDirPath = "";
			projectRoot = "";
			targets = (
				014FC53B24B6158200344772 /* Control Center */,
			);
		};
/* End PBXProject section */

/* Begin PBXResourcesBuildPhase section */
		014FC53A24B6158200344772 /* Resources */ = {
			isa = PBXResourcesBuildPhase;
			buildActionMask = 2147483647;
			files = (
				01F40F2424BD82E30031D2C0 /* do-not-disturb in Resources */,
				01FE0F5224B9BE1800FD673A /* PreferencesWindow.xib in Resources */,
				01FE0F5924BC312200FD673A /* nightlight in Resources */,
				014FC54224B6158600344772 /* Assets.xcassets in Resources */,
				014FC54524B6158600344772 /* ControlCenter.xib in Resources */,
				014FC56F24B7FA1200344772 /* blueutil in Resources */,
			);
			runOnlyForDeploymentPostprocessing = 0;
		};
/* End PBXResourcesBuildPhase section */

/* Begin PBXShellScriptBuildPhase section */
		D45C7DDD48EB6D312432B06D /* [CP] Check Pods Manifest.lock */ = {
			isa = PBXShellScriptBuildPhase;
			buildActionMask = 2147483647;
			files = (
			);
			inputFileListPaths = (
			);
			inputPaths = (
				"${PODS_PODFILE_DIR_PATH}/Podfile.lock",
				"${PODS_ROOT}/Manifest.lock",
			);
			name = "[CP] Check Pods Manifest.lock";
			outputFileListPaths = (
			);
			outputPaths = (
				"$(DERIVED_FILE_DIR)/Pods-Control Center-checkManifestLockResult.txt",
			);
			runOnlyForDeploymentPostprocessing = 0;
			shellPath = /bin/sh;
			shellScript = "diff \"${PODS_PODFILE_DIR_PATH}/Podfile.lock\" \"${PODS_ROOT}/Manifest.lock\" > /dev/null\nif [ $? != 0 ] ; then\n    # print error to STDERR\n    echo \"error: The sandbox is not in sync with the Podfile.lock. Run 'pod install' or update your CocoaPods installation.\" >&2\n    exit 1\nfi\n# This output is used by Xcode 'outputs' to avoid re-running this script phase.\necho \"SUCCESS\" > \"${SCRIPT_OUTPUT_FILE_0}\"\n";
			showEnvVarsInLog = 0;
		};
		FAE5FABF5BCB009AA6D16A98 /* [CP] Embed Pods Frameworks */ = {
			isa = PBXShellScriptBuildPhase;
			buildActionMask = 2147483647;
			files = (
			);
			inputFileListPaths = (
				"${PODS_ROOT}/Target Support Files/Pods-Control Center/Pods-Control Center-frameworks-${CONFIGURATION}-input-files.xcfilelist",
			);
			name = "[CP] Embed Pods Frameworks";
			outputFileListPaths = (
				"${PODS_ROOT}/Target Support Files/Pods-Control Center/Pods-Control Center-frameworks-${CONFIGURATION}-output-files.xcfilelist",
			);
			runOnlyForDeploymentPostprocessing = 0;
			shellPath = /bin/sh;
			shellScript = "\"${PODS_ROOT}/Target Support Files/Pods-Control Center/Pods-Control Center-frameworks.sh\"\n";
			showEnvVarsInLog = 0;
		};
/* End PBXShellScriptBuildPhase section */

/* Begin PBXSourcesBuildPhase section */
		014FC53824B6158200344772 /* Sources */ = {
			isa = PBXSourcesBuildPhase;
			buildActionMask = 2147483647;
			files = (
				014FC54E24B69AB000344772 /* StatusMenuController.swift in Sources */,
				01FE0F5724B9C94200FD673A /* APIKey.swift in Sources */,
				01FE0F5124B9BE1800FD673A /* PreferencesWindow.swift in Sources */,
				014FC55A24B701EA00344772 /* WeatherAPI.swift in Sources */,
				014FC54024B6158200344772 /* AppDelegate.swift in Sources */,
				014FC55824B6F70D00344772 /* ControlCenterView.swift in Sources */,
			);
			runOnlyForDeploymentPostprocessing = 0;
		};
/* End PBXSourcesBuildPhase section */

/* Begin PBXVariantGroup section */
		014FC54324B6158600344772 /* ControlCenter.xib */ = {
			isa = PBXVariantGroup;
			children = (
				014FC54424B6158600344772 /* Base */,
			);
			name = ControlCenter.xib;
			sourceTree = "<group>";
		};
/* End PBXVariantGroup section */

/* Begin XCBuildConfiguration section */
		014FC54824B6158600344772 /* Debug */ = {
			isa = XCBuildConfiguration;
			buildSettings = {
				ALWAYS_SEARCH_USER_PATHS = NO;
				CLANG_ANALYZER_NONNULL = YES;
				CLANG_ANALYZER_NUMBER_OBJECT_CONVERSION = YES_AGGRESSIVE;
				CLANG_CXX_LANGUAGE_STANDARD = "gnu++14";
				CLANG_CXX_LIBRARY = "libc++";
				CLANG_ENABLE_MODULES = YES;
				CLANG_ENABLE_OBJC_ARC = YES;
				CLANG_ENABLE_OBJC_WEAK = YES;
				CLANG_WARN_BLOCK_CAPTURE_AUTORELEASING = YES;
				CLANG_WARN_BOOL_CONVERSION = YES;
				CLANG_WARN_COMMA = YES;
				CLANG_WARN_CONSTANT_CONVERSION = YES;
				CLANG_WARN_DEPRECATED_OBJC_IMPLEMENTATIONS = YES;
				CLANG_WARN_DIRECT_OBJC_ISA_USAGE = YES_ERROR;
				CLANG_WARN_DOCUMENTATION_COMMENTS = YES;
				CLANG_WARN_EMPTY_BODY = YES;
				CLANG_WARN_ENUM_CONVERSION = YES;
				CLANG_WARN_INFINITE_RECURSION = YES;
				CLANG_WARN_INT_CONVERSION = YES;
				CLANG_WARN_NON_LITERAL_NULL_CONVERSION = YES;
				CLANG_WARN_OBJC_IMPLICIT_RETAIN_SELF = YES;
				CLANG_WARN_OBJC_LITERAL_CONVERSION = YES;
				CLANG_WARN_OBJC_ROOT_CLASS = YES_ERROR;
				CLANG_WARN_RANGE_LOOP_ANALYSIS = YES;
				CLANG_WARN_STRICT_PROTOTYPES = YES;
				CLANG_WARN_SUSPICIOUS_MOVE = YES;
				CLANG_WARN_UNGUARDED_AVAILABILITY = YES_AGGRESSIVE;
				CLANG_WARN_UNREACHABLE_CODE = YES;
				CLANG_WARN__DUPLICATE_METHOD_MATCH = YES;
				COPY_PHASE_STRIP = NO;
				DEBUG_INFORMATION_FORMAT = dwarf;
				ENABLE_STRICT_OBJC_MSGSEND = YES;
				ENABLE_TESTABILITY = YES;
				GCC_C_LANGUAGE_STANDARD = gnu11;
				GCC_DYNAMIC_NO_PIC = NO;
				GCC_NO_COMMON_BLOCKS = YES;
				GCC_OPTIMIZATION_LEVEL = 0;
				GCC_PREPROCESSOR_DEFINITIONS = (
					"DEBUG=1",
					"$(inherited)",
				);
				GCC_WARN_64_TO_32_BIT_CONVERSION = YES;
				GCC_WARN_ABOUT_RETURN_TYPE = YES_ERROR;
				GCC_WARN_UNDECLARED_SELECTOR = YES;
				GCC_WARN_UNINITIALIZED_AUTOS = YES_AGGRESSIVE;
				GCC_WARN_UNUSED_FUNCTION = YES;
				GCC_WARN_UNUSED_VARIABLE = YES;
				MACOSX_DEPLOYMENT_TARGET = 10.14;
				MTL_ENABLE_DEBUG_INFO = INCLUDE_SOURCE;
				MTL_FAST_MATH = YES;
				ONLY_ACTIVE_ARCH = YES;
				SDKROOT = macosx;
				SWIFT_ACTIVE_COMPILATION_CONDITIONS = DEBUG;
				SWIFT_OPTIMIZATION_LEVEL = "-Onone";
			};
			name = Debug;
		};
		014FC54924B6158600344772 /* Release */ = {
			isa = XCBuildConfiguration;
			buildSettings = {
				ALWAYS_SEARCH_USER_PATHS = NO;
				CLANG_ANALYZER_NONNULL = YES;
				CLANG_ANALYZER_NUMBER_OBJECT_CONVERSION = YES_AGGRESSIVE;
				CLANG_CXX_LANGUAGE_STANDARD = "gnu++14";
				CLANG_CXX_LIBRARY = "libc++";
				CLANG_ENABLE_MODULES = YES;
				CLANG_ENABLE_OBJC_ARC = YES;
				CLANG_ENABLE_OBJC_WEAK = YES;
				CLANG_WARN_BLOCK_CAPTURE_AUTORELEASING = YES;
				CLANG_WARN_BOOL_CONVERSION = YES;
				CLANG_WARN_COMMA = YES;
				CLANG_WARN_CONSTANT_CONVERSION = YES;
				CLANG_WARN_DEPRECATED_OBJC_IMPLEMENTATIONS = YES;
				CLANG_WARN_DIRECT_OBJC_ISA_USAGE = YES_ERROR;
				CLANG_WARN_DOCUMENTATION_COMMENTS = YES;
				CLANG_WARN_EMPTY_BODY = YES;
				CLANG_WARN_ENUM_CONVERSION = YES;
				CLANG_WARN_INFINITE_RECURSION = YES;
				CLANG_WARN_INT_CONVERSION = YES;
				CLANG_WARN_NON_LITERAL_NULL_CONVERSION = YES;
				CLANG_WARN_OBJC_IMPLICIT_RETAIN_SELF = YES;
				CLANG_WARN_OBJC_LITERAL_CONVERSION = YES;
				CLANG_WARN_OBJC_ROOT_CLASS = YES_ERROR;
				CLANG_WARN_RANGE_LOOP_ANALYSIS = YES;
				CLANG_WARN_STRICT_PROTOTYPES = YES;
				CLANG_WARN_SUSPICIOUS_MOVE = YES;
				CLANG_WARN_UNGUARDED_AVAILABILITY = YES_AGGRESSIVE;
				CLANG_WARN_UNREACHABLE_CODE = YES;
				CLANG_WARN__DUPLICATE_METHOD_MATCH = YES;
				COPY_PHASE_STRIP = NO;
				DEBUG_INFORMATION_FORMAT = "dwarf-with-dsym";
				ENABLE_NS_ASSERTIONS = NO;
				ENABLE_STRICT_OBJC_MSGSEND = YES;
				GCC_C_LANGUAGE_STANDARD = gnu11;
				GCC_NO_COMMON_BLOCKS = YES;
				GCC_WARN_64_TO_32_BIT_CONVERSION = YES;
				GCC_WARN_ABOUT_RETURN_TYPE = YES_ERROR;
				GCC_WARN_UNDECLARED_SELECTOR = YES;
				GCC_WARN_UNINITIALIZED_AUTOS = YES_AGGRESSIVE;
				GCC_WARN_UNUSED_FUNCTION = YES;
				GCC_WARN_UNUSED_VARIABLE = YES;
				MACOSX_DEPLOYMENT_TARGET = 10.14;
				MTL_ENABLE_DEBUG_INFO = NO;
				MTL_FAST_MATH = YES;
				SDKROOT = macosx;
				SWIFT_COMPILATION_MODE = wholemodule;
				SWIFT_OPTIMIZATION_LEVEL = "-O";
			};
			name = Release;
		};
		014FC54B24B6158600344772 /* Debug */ = {
			isa = XCBuildConfiguration;
			baseConfigurationReference = EE321580286F2268FBD02F40 /* Pods-Control Center.debug.xcconfig */;
			buildSettings = {
				ASSETCATALOG_COMPILER_APPICON_NAME = "Control Center";
				CODE_SIGN_ENTITLEMENTS = "Control Center/Control_Center.entitlements";
				CODE_SIGN_STYLE = Automatic;
				COMBINE_HIDPI_IMAGES = YES;
				CURRENT_PROJECT_VERSION = "Beta 3";
				DEVELOPMENT_TEAM = NAR5D6HWAD;
				ENABLE_HARDENED_RUNTIME = YES;
				FRAMEWORK_SEARCH_PATHS = (
					"$(inherited)",
					"$(PROJECT_DIR)/Frameworks",
					"$(PROJECT_DIR)",
				);
				INFOPLIST_FILE = "Control Center/Info.plist";
				LD_RUNPATH_SEARCH_PATHS = (
					"$(inherited)",
					"@executable_path/../Frameworks",
				);
				MACOSX_DEPLOYMENT_TARGET = 10.12.2;
				MARKETING_VERSION = "Beta 3";
				PRODUCT_BUNDLE_IDENTIFIER = com.fordApps.controlcenter;
				PRODUCT_NAME = "$(TARGET_NAME)";
				SWIFT_VERSION = 4.2;
				SYSTEM_FRAMEWORK_SEARCH_PATHS = (
					"$(inherited)",
					"$(SYSTEM_LIBRARY_DIR)/PrivateFrameworks",
				);
			};
			name = Debug;
		};
		014FC54C24B6158600344772 /* Release */ = {
			isa = XCBuildConfiguration;
			baseConfigurationReference = 10FF59AA878FAE0476FD6102 /* Pods-Control Center.release.xcconfig */;
			buildSettings = {
				ASSETCATALOG_COMPILER_APPICON_NAME = "Control Center";
				CODE_SIGN_ENTITLEMENTS = "Control Center/Control_Center.entitlements";
				CODE_SIGN_STYLE = Automatic;
				COMBINE_HIDPI_IMAGES = YES;
				CURRENT_PROJECT_VERSION = "Beta 3";
				DEVELOPMENT_TEAM = NAR5D6HWAD;
				ENABLE_HARDENED_RUNTIME = YES;
				FRAMEWORK_SEARCH_PATHS = (
					"$(inherited)",
					"$(PROJECT_DIR)/Frameworks",
					"$(PROJECT_DIR)",
				);
				INFOPLIST_FILE = "Control Center/Info.plist";
				LD_RUNPATH_SEARCH_PATHS = (
					"$(inherited)",
					"@executable_path/../Frameworks",
				);
				MACOSX_DEPLOYMENT_TARGET = 10.12.2;
				MARKETING_VERSION = "Beta 3";
				PRODUCT_BUNDLE_IDENTIFIER = com.fordApps.controlcenter;
				PRODUCT_NAME = "$(TARGET_NAME)";
				SWIFT_VERSION = 4.2;
				SYSTEM_FRAMEWORK_SEARCH_PATHS = (
					"$(inherited)",
					"$(SYSTEM_LIBRARY_DIR)/PrivateFrameworks",
				);
			};
			name = Release;
		};
/* End XCBuildConfiguration section */

/* Begin XCConfigurationList section */
		014FC53724B6158200344772 /* Build configuration list for PBXProject "Control Center" */ = {
			isa = XCConfigurationList;
			buildConfigurations = (
				014FC54824B6158600344772 /* Debug */,
				014FC54924B6158600344772 /* Release */,
			);
			defaultConfigurationIsVisible = 0;
			defaultConfigurationName = Release;
		};
		014FC54A24B6158600344772 /* Build configuration list for PBXNativeTarget "Control Center" */ = {
			isa = XCConfigurationList;
			buildConfigurations = (
				014FC54B24B6158600344772 /* Debug */,
				014FC54C24B6158600344772 /* Release */,
			);
			defaultConfigurationIsVisible = 0;
			defaultConfigurationName = Release;
		};
/* End XCConfigurationList section */
	};
	rootObject = 014FC53424B6158200344772 /* Project object */;
}
